
Microsoft Visual Studio Solution File, Format Version 12.00
# Visual Studio Version 16
VisualStudioVersion = 16.0.30907.101
MinimumVisualStudioVersion = 10.0.40219.1
Project("{FAE04EC0-301F-11D3-BF4B-00C04F79EFBC}") = "Task_3", "Task_3\Task_3.csproj", "{37B7A325-D67E-40A9-92AF-F8351005374B}"
EndProject
Global
	GlobalSection(SolutionConfigurationPlatforms) = preSolution
		Debug|Any CPU = Debug|Any CPU
		Release|Any CPU = Release|Any CPU
	EndGlobalSection
	GlobalSection(ProjectConfigurationPlatforms) = postSolution
		{37B7A325-D67E-40A9-92AF-F8351005374B}.Debug|Any CPU.ActiveCfg = Debug|Any CPU
		{37B7A325-D67E-40A9-92AF-F8351005374B}.Debug|Any CPU.Build.0 = Debug|Any CPU
		{37B7A325-D67E-40A9-92AF-F8351005374B}.Release|Any CPU.ActiveCfg = Release|Any CPU
		{37B7A325-D67E-40A9-92AF-F8351005374B}.Release|Any CPU.Build.0 = Release|Any CPU
	EndGlobalSection
	GlobalSection(SolutionProperties) = preSolution
		HideSolutionNode = FALSE
	EndGlobalSection
	GlobalSection(ExtensibilityGlobals) = postSolution
		SolutionGuid = {09F8ECD6-A6E6-4818-AE56-06548BBA039C}
	EndGlobalSection
EndGlobal
